# This file is automatically @generated by Cargo.
# It is not intended for manual editing.
version = 4

[[package]]
name = "aarch64-paging"
version = "0.11.0"
source = "registry+https://github.com/rust-lang/crates.io-index"
checksum = "9fcde4fe4e43dff9326a54f5137de608f2b7f69e5a5f86fa8657f0db60a6ba2a"
dependencies = [
 "bitflags",
 "thiserror",
]

[[package]]
name = "aarch64-rt"
version = "0.4.3"
dependencies = [
 "aarch64-paging",
 "arm-pl011-uart",
 "smccc",
]

[[package]]
name = "arm-pl011-uart"
version = "0.5.0"
source = "registry+https://github.com/rust-lang/crates.io-index"
checksum = "1b24c708955a2b308f2ef06b78c1e676d69870773f78ccf78aff6ffdd6136d90"
dependencies = [
 "bitflags",
 "embedded-hal-nb",
 "embedded-io",
 "safe-mmio",
 "thiserror",
 "zerocopy",
]

[[package]]
name = "bitflags"
version = "2.11.0"
source = "registry+https://github.com/rust-lang/crates.io-index"
checksum = "843867be96c8daad0d758b57df9392b6d8d271134fce549de6ce169ff98a92af"

[[package]]
name = "embedded-hal"
version = "1.0.0"
source = "registry+https://github.com/rust-lang/crates.io-index"
checksum = "361a90feb7004eca4019fb28352a9465666b24f840f5c3cddf0ff13920590b89"

[[package]]
name = "embedded-hal-nb"
version = "1.0.0"
source = "registry+https://github.com/rust-lang/crates.io-index"
checksum = "fba4268c14288c828995299e59b12babdbe170f6c6d73731af1b4648142e8605"
dependencies = [
 "embedded-hal",
 "nb",
]

[[package]]
name = "embedded-io"
version = "0.7.1"
source = "registry+https://github.com/rust-lang/crates.io-index"
checksum = "9eb1aa714776b75c7e67e1da744b81a129b3ff919c8712b5e1b32252c1f07cc7"

[[package]]
name = "nb"
version = "1.1.0"
source = "registry+https://github.com/rust-lang/crates.io-index"
checksum = "8d5439c4ad607c3c23abf66de8c8bf57ba8adcd1f129e699851a6e43935d339d"

[[package]]
name = "proc-macro2"
version = "1.0.93"
source = "registry+https://github.com/rust-lang/crates.io-index"
checksum = "60946a68e5f9d28b0dc1c21bb8a97ee7d018a8b322fa57838ba31cc878e22d99"
dependencies = [
 "unicode-ident",
]

[[package]]
name = "quote"
version = "1.0.45"
source = "registry+https://github.com/rust-lang/crates.io-index"
checksum = "41f2619966050689382d2b44f664f4bc593e129785a36d6ee376ddf37259b924"
dependencies = [
 "proc-macro2",
]

[[package]]
name = "safe-mmio"
version = "0.3.0"
source = "registry+https://github.com/rust-lang/crates.io-index"
checksum = "4813ee49326057f105d6d8ca3d8f9265095f26aa7b42094e487028403a594f4c"
dependencies = [
 "zerocopy",
]

[[package]]
name = "smccc"
version = "0.2.2"
source = "registry+https://github.com/rust-lang/crates.io-index"
checksum = "7c73e0ca8c566478040487791c9f488f86c5aec846ca1ab18484be8a1d8c55cd"
dependencies = [
 "thiserror",
]

[[package]]
name = "syn"
version = "2.0.98"
source = "registry+https://github.com/rust-lang/crates.io-index"
checksum = "36147f1a48ae0ec2b5b3bc5b537d267457555a10dc06f3dbc8cb11ba3006d3b1"
dependencies = [
 "proc-macro2",
 "quote",
 "unicode-ident",
]

[[package]]
name = "thiserror"
version = "2.0.17"
source = "registry+https://github.com/rust-lang/crates.io-index"
checksum = "f63587ca0f12b72a0600bcba1d40081f830876000bb46dd2337a3051618f4fc8"
dependencies = [
 "thiserror-impl",
]

[[package]]
name = "thiserror-impl"
version = "2.0.17"
source = "registry+https://github.com/rust-lang/crates.io-index"
checksum = "3ff15c8ecd7de3849db632e14d18d2571fa09dfc5ed93479bc4485c7a517c913"
dependencies = [
 "proc-macro2",
 "quote",
 "syn",
]

[[package]]
name = "unicode-ident"
version = "1.0.16"
source = "registry+https://github.com/rust-lang/crates.io-index"
checksum = "a210d160f08b701c8721ba1c726c11662f877ea6b7094007e1ca9a1041945034"

[[package]]
name = "zerocopy"
version = "0.8.41"
source = "registry+https://github.com/rust-lang/crates.io-index"
checksum = "96e13bc581734df6250836c59a5f44f3c57db9f9acb9dc8e3eaabdaf6170254d"
dependencies = [
 "zerocopy-derive",
]

[[package]]
name = "zerocopy-derive"
version = "0.8.41"
source = "registry+https://github.com/rust-lang/crates.io-index"
checksum = "3545ea9e86d12ab9bba9fcd99b54c1556fd3199007def5a03c375623d05fac1c"
dependencies = [
 "proc-macro2",
 "quote",
 "syn",
]
